// !$*UTF8*$!
{
	archiveVersion = 1;
	classes = {
	};
	objectVersion = 45;
	objects = {

/* Begin PBXBuildFile section */
		1D60589B0D05DD56006BFB54 /* main.m in Sources */ = {isa = PBXBuildFile; fileRef = 29B97316FDCFA39411CA2CEA /* main.m */; };
		1F3B9A2D0EF2145700286867 /* shapesAppDelegate.m in Sources */ = {isa = PBXBuildFile; fileRef = 1F3B9A2B0EF2145700286867 /* shapesAppDelegate.m */; };
		433BD8211201C7090025525E /* NMPanelMenu.m in Sources */ = {isa = PBXBuildFile; fileRef = 433BD8201201C7090025525E /* NMPanelMenu.m */; };
		433BD84A1201C73F0025525E /* NMPanelMenuItem.m in Sources */ = {isa = PBXBuildFile; fileRef = 433BD8491201C73F0025525E /* NMPanelMenuItem.m */; };
		434F461C11FB2F9400603A4D /* libcocos2d.a in Frameworks */ = {isa = PBXBuildFile; fileRef = 434F45A311FB2F6A00603A4D /* libcocos2d.a */; };
		4365CA5C120A6AFB00E598B9 /* MediaPlayer.framework in Frameworks */ = {isa = PBXBuildFile; fileRef = 4365CA5B120A6AFB00E598B9 /* MediaPlayer.framework */; };
		436B00F311FFB134007B2F00 /* GameController.mm in Sources */ = {isa = PBXBuildFile; fileRef = 436B00F211FFB134007B2F00 /* GameController.mm */; };
		4379A70B12125BBA00256487 /* libFontLabel.a in Frameworks */ = {isa = PBXBuildFile; fileRef = 434F45AB11FB2F6A00603A4D /* libFontLabel.a */; };
		43A94B471222B5990030A3BA /* HCUPPanelScene.m in Sources */ = {isa = PBXBuildFile; fileRef = 43A94B461222B5990030A3BA /* HCUPPanelScene.m */; };
		43A94B591222B83E0030A3BA /* CocosOverlayViewController.m in Sources */ = {isa = PBXBuildFile; fileRef = 43A94B571222B83E0030A3BA /* CocosOverlayViewController.m */; };
		43A94B5E1222B87D0030A3BA /* CocosOverlayScrollView.m in Sources */ = {isa = PBXBuildFile; fileRef = 43A94B5D1222B87D0030A3BA /* CocosOverlayScrollView.m */; };
		43D170D4122345AA0081657D /* PreviewScrollContainerView.m in Sources */ = {isa = PBXBuildFile; fileRef = 43D170D3122345AA0081657D /* PreviewScrollContainerView.m */; };
		43E9C7E411FF2BD8000CA26E /* libCocosDenshion.a in Frameworks */ = {isa = PBXBuildFile; fileRef = 434F45A711FB2F6A00603A4D /* libCocosDenshion.a */; };
		506EDB88102F4C4000A389B3 /* libz.dylib in Frameworks */ = {isa = PBXBuildFile; fileRef = 506EDB87102F4C4000A389B3 /* libz.dylib */; };
		506EDBA5102F4C9F00A389B3 /* AVFoundation.framework in Frameworks */ = {isa = PBXBuildFile; fileRef = 506EDBA4102F4C9F00A389B3 /* AVFoundation.framework */; };
		50F414F11069373D002A0D5E /* fps_images.png in Resources */ = {isa = PBXBuildFile; fileRef = 50F414ED1069373D002A0D5E /* fps_images.png */; };
		50F414F21069373D002A0D5E /* Icon.png in Resources */ = {isa = PBXBuildFile; fileRef = 50F414EE1069373D002A0D5E /* Icon.png */; };
		DC6640030F83B3EA000B3E49 /* AudioToolbox.framework in Frameworks */ = {isa = PBXBuildFile; fileRef = DC6640020F83B3EA000B3E49 /* AudioToolbox.framework */; };
		DC6640050F83B3EA000B3E49 /* OpenAL.framework in Frameworks */ = {isa = PBXBuildFile; fileRef = DC6640040F83B3EA000B3E49 /* OpenAL.framework */; };
		DCCBF1B70F6022AE0040855A /* CoreGraphics.framework in Frameworks */ = {isa = PBXBuildFile; fileRef = DCCBF1B60F6022AE0040855A /* CoreGraphics.framework */; };
		DCCBF1B90F6022AE0040855A /* Foundation.framework in Frameworks */ = {isa = PBXBuildFile; fileRef = DCCBF1B80F6022AE0040855A /* Foundation.framework */; };
		DCCBF1BB0F6022AE0040855A /* OpenGLES.framework in Frameworks */ = {isa = PBXBuildFile; fileRef = DCCBF1BA0F6022AE0040855A /* OpenGLES.framework */; };
		DCCBF1BD0F6022AE0040855A /* QuartzCore.framework in Frameworks */ = {isa = PBXBuildFile; fileRef = DCCBF1BC0F6022AE0040855A /* QuartzCore.framework */; };
		DCCBF1BF0F6022AE0040855A /* UIKit.framework in Frameworks */ = {isa = PBXBuildFile; fileRef = DCCBF1BE0F6022AE0040855A /* UIKit.framework */; };
/* End PBXBuildFile section */

/* Begin PBXContainerItemProxy section */
		434F459C11FB2F6A00603A4D /* PBXContainerItemProxy */ = {
			isa = PBXContainerItemProxy;
			containerPortal = 434F449111FB2F6100603A4D /* cocos2d-iphone.xcodeproj */;
			proxyType = 2;
			remoteGlobalIDString = 509807081175041800EA7266;
			remoteInfo = "build all tests";
		};
		434F459E11FB2F6A00603A4D /* PBXContainerItemProxy */ = {
			isa = PBXContainerItemProxy;
			containerPortal = 434F449111FB2F6100603A4D /* cocos2d-iphone.xcodeproj */;
			proxyType = 2;
			remoteGlobalIDString = 504225700FC0B39C00B992F7;
			remoteInfo = box2d;
		};
		434F45A011FB2F6A00603A4D /* PBXContainerItemProxy */ = {
			isa = PBXContainerItemProxy;
			containerPortal = 434F449111FB2F6100603A4D /* cocos2d-iphone.xcodeproj */;
			proxyType = 2;
			remoteGlobalIDString = 50B2C4D10E100AEA00AE9530;
			remoteInfo = Chipmunk;
		};
		434F45A211FB2F6A00603A4D /* PBXContainerItemProxy */ = {
			isa = PBXContainerItemProxy;
			containerPortal = 434F449111FB2F6100603A4D /* cocos2d-iphone.xcodeproj */;
			proxyType = 2;
			remoteGlobalIDString = 5018F24D0DFDEAC400C013A5;
			remoteInfo = cocos2d;
		};
		434F45A411FB2F6A00603A4D /* PBXContainerItemProxy */ = {
			isa = PBXContainerItemProxy;
			containerPortal = 434F449111FB2F6100603A4D /* cocos2d-iphone.xcodeproj */;
			proxyType = 2;
			remoteGlobalIDString = 502C65EE0DFEF3DD00E4107D;
			remoteInfo = "cocos2d-documentation";
		};
		434F45A611FB2F6A00603A4D /* PBXContainerItemProxy */ = {
			isa = PBXContainerItemProxy;
			containerPortal = 434F449111FB2F6100603A4D /* cocos2d-iphone.xcodeproj */;
			proxyType = 2;
			remoteGlobalIDString = 50CB2FCA1004C8B100B7A750;
			remoteInfo = CocosDenshion;
		};
		434F45A811FB2F6A00603A4D /* PBXContainerItemProxy */ = {
			isa = PBXContainerItemProxy;
			containerPortal = 434F449111FB2F6100603A4D /* cocos2d-iphone.xcodeproj */;
			proxyType = 2;
			remoteGlobalIDString = 509B3A0D0F31024E00F2FB95;
			remoteInfo = cocosLive;
		};
		434F45AA11FB2F6A00603A4D /* PBXContainerItemProxy */ = {
			isa = PBXContainerItemProxy;
			containerPortal = 434F449111FB2F6100603A4D /* cocos2d-iphone.xcodeproj */;
			proxyType = 2;
			remoteGlobalIDString = 505461DF10616AE100AB7C52;
			remoteInfo = FontLabel;
		};
		434F45AC11FB2F6A00603A4D /* PBXContainerItemProxy */ = {
			isa = PBXContainerItemProxy;
			containerPortal = 434F449111FB2F6100603A4D /* cocos2d-iphone.xcodeproj */;
			proxyType = 2;
			remoteGlobalIDString = 503164CD10277665003ACFE7;
			remoteInfo = libpng;
		};
		434F45AE11FB2F6A00603A4D /* PBXContainerItemProxy */ = {
			isa = PBXContainerItemProxy;
			containerPortal = 434F449111FB2F6100603A4D /* cocos2d-iphone.xcodeproj */;
			proxyType = 2;
			remoteGlobalIDString = 509B39DF0F31020900F2FB95;
			remoteInfo = TouchJSON;
		};
		434F45B011FB2F6A00603A4D /* PBXContainerItemProxy */ = {
			isa = PBXContainerItemProxy;
			containerPortal = 434F449111FB2F6100603A4D /* cocos2d-iphone.xcodeproj */;
			proxyType = 2;
			remoteGlobalIDString = 8E6CBEEF0F7A758000D47B3A;
			remoteInfo = vorbis;
		};
		434F45B211FB2F6A00603A4D /* PBXContainerItemProxy */ = {
			isa = PBXContainerItemProxy;
			containerPortal = 434F449111FB2F6100603A4D /* cocos2d-iphone.xcodeproj */;
			proxyType = 2;
			remoteGlobalIDString = 504CC32F1035BDE90096894C;
			remoteInfo = ActionManagerTest;
		};
		434F45B411FB2F6A00603A4D /* PBXContainerItemProxy */ = {
			isa = PBXContainerItemProxy;
			containerPortal = 434F449111FB2F6100603A4D /* cocos2d-iphone.xcodeproj */;
			proxyType = 2;
			remoteGlobalIDString = 50C93AAD0E0BF6E000517B01;
			remoteInfo = ActionsTest;
		};
		434F45B611FB2F6A00603A4D /* PBXContainerItemProxy */ = {
			isa = PBXContainerItemProxy;
			containerPortal = 434F449111FB2F6100603A4D /* cocos2d-iphone.xcodeproj */;
			proxyType = 2;
			remoteGlobalIDString = 05CA7B0410ED674700F12774;
			remoteInfo = ActionsWithBlocksSample;
		};
		434F45B811FB2F6A00603A4D /* PBXContainerItemProxy */ = {
			isa = PBXContainerItemProxy;
			containerPortal = 434F449111FB2F6100603A4D /* cocos2d-iphone.xcodeproj */;
			proxyType = 2;
			remoteGlobalIDString = 506882110E95761200F943E5;
			remoteInfo = AtlasTest;
		};
		434F45BA11FB2F6A00603A4D /* PBXContainerItemProxy */ = {
			isa = PBXContainerItemProxy;
			containerPortal = 434F449111FB2F6100603A4D /* cocos2d-iphone.xcodeproj */;
			proxyType = 2;
			remoteGlobalIDString = 504828800F45AED700A30CEF;
			remoteInfo = AttachTest;
		};
		434F45BC11FB2F6A00603A4D /* PBXContainerItemProxy */ = {
			isa = PBXContainerItemProxy;
			containerPortal = 434F449111FB2F6100603A4D /* cocos2d-iphone.xcodeproj */;
			proxyType = 2;
			remoteGlobalIDString = 5042262E0FC0B5D500B992F7;
			remoteInfo = Box2dAccelTouchTest;
		};
		434F45BE11FB2F6A00603A4D /* PBXContainerItemProxy */ = {
			isa = PBXContainerItemProxy;
			containerPortal = 434F449111FB2F6100603A4D /* cocos2d-iphone.xcodeproj */;
			proxyType = 2;
			remoteGlobalIDString = 50010ED2103B3DB80059EC2E;
			remoteInfo = Box2dTestBed;
		};
		434F45C011FB2F6A00603A4D /* PBXContainerItemProxy */ = {
			isa = PBXContainerItemProxy;
			containerPortal = 434F449111FB2F6100603A4D /* cocos2d-iphone.xcodeproj */;
			proxyType = 2;
			remoteGlobalIDString = 50B2C5E80E100EF000AE9530;
			remoteInfo = ChipmunkAccelTouchTest;
		};
		434F45C211FB2F6A00603A4D /* PBXContainerItemProxy */ = {
			isa = PBXContainerItemProxy;
			containerPortal = 434F449111FB2F6100603A4D /* cocos2d-iphone.xcodeproj */;
			proxyType = 2;
			remoteGlobalIDString = 50B2CE460E129FD900AE9530;
			remoteInfo = ChipmunkTestBed;
		};
		434F45C411FB2F6A00603A4D /* PBXContainerItemProxy */ = {
			isa = PBXContainerItemProxy;
			containerPortal = 434F449111FB2F6100603A4D /* cocos2d-iphone.xcodeproj */;
			proxyType = 2;
			remoteGlobalIDString = 506C77E20E01520900B48100;
			remoteInfo = ClickAndMoveTest;
		};
		434F45C611FB2F6A00603A4D /* PBXContainerItemProxy */ = {
			isa = PBXContainerItemProxy;
			containerPortal = 434F449111FB2F6100603A4D /* cocos2d-iphone.xcodeproj */;
			proxyType = 2;
			remoteGlobalIDString = 505224F911B3D4700061670F;
			remoteInfo = "CocosDenshion - Tom The Turret";
		};
		434F45C811FB2F6A00603A4D /* PBXContainerItemProxy */ = {
			isa = PBXContainerItemProxy;
			containerPortal = 434F449111FB2F6100603A4D /* cocos2d-iphone.xcodeproj */;
			proxyType = 2;
			remoteGlobalIDString = 505228BA11B3DBB90061670F;
			remoteInfo = "CocosDenshion - Drum Pad";
		};
		434F45CA11FB2F6A00603A4D /* PBXContainerItemProxy */ = {
			isa = PBXContainerItemProxy;
			containerPortal = 434F449111FB2F6100603A4D /* cocos2d-iphone.xcodeproj */;
			proxyType = 2;
			remoteGlobalIDString = 5052293C11B3DCD80061670F;
			remoteInfo = "CocosDenshion - Fade To Grey";
		};
		434F45CC11FB2F6A00603A4D /* PBXContainerItemProxy */ = {
			isa = PBXContainerItemProxy;
			containerPortal = 434F449111FB2F6100603A4D /* cocos2d-iphone.xcodeproj */;
			proxyType = 2;
			remoteGlobalIDString = 5052296E11B3DCE90061670F;
			remoteInfo = "CocosDenshion - FancyRat Metering";
		};
		434F45CE11FB2F6A00603A4D /* PBXContainerItemProxy */ = {
			isa = PBXContainerItemProxy;
			containerPortal = 434F449111FB2F6100603A4D /* cocos2d-iphone.xcodeproj */;
			proxyType = 2;
			remoteGlobalIDString = 509B3A280F3102FD00F2FB95;
			remoteInfo = cocosLiveTest;
		};
		434F45D011FB2F6A00603A4D /* PBXContainerItemProxy */ = {
			isa = PBXContainerItemProxy;
			containerPortal = 434F449111FB2F6100603A4D /* cocos2d-iphone.xcodeproj */;
			proxyType = 2;
			remoteGlobalIDString = 506144080E589A2E003CCDB7;
			remoteInfo = cocosnodeTest;
		};
		434F45D211FB2F6A00603A4D /* PBXContainerItemProxy */ = {
			isa = PBXContainerItemProxy;
			containerPortal = 434F449111FB2F6100603A4D /* cocos2d-iphone.xcodeproj */;
			proxyType = 2;
			remoteGlobalIDString = 501945740F964C620059CE7C;
			remoteInfo = drawPrimitivesTest;
		};
		434F45D411FB2F6A00603A4D /* PBXContainerItemProxy */ = {
			isa = PBXContainerItemProxy;
			containerPortal = 434F449111FB2F6100603A4D /* cocos2d-iphone.xcodeproj */;
			proxyType = 2;
			remoteGlobalIDString = 504E17DC11C4C7E100E19835;
			remoteInfo = EAGLViewTest;
		};
		434F45D611FB2F6A00603A4D /* PBXContainerItemProxy */ = {
			isa = PBXContainerItemProxy;
			containerPortal = 434F449111FB2F6100603A4D /* cocos2d-iphone.xcodeproj */;
			proxyType = 2;
			remoteGlobalIDString = 505B63A30F2F4210001B4104;
			remoteInfo = EaseActionsTest;
		};
		434F45D811FB2F6A00603A4D /* PBXContainerItemProxy */ = {
			isa = PBXContainerItemProxy;
			containerPortal = 434F449111FB2F6100603A4D /* cocos2d-iphone.xcodeproj */;
			proxyType = 2;
			remoteGlobalIDString = 50A24E440F377FA1007CAEB0;
			remoteInfo = EffectsTest;
		};
		434F45DA11FB2F6A00603A4D /* PBXContainerItemProxy */ = {
			isa = PBXContainerItemProxy;
			containerPortal = 434F449111FB2F6100603A4D /* cocos2d-iphone.xcodeproj */;
			proxyType = 2;
			remoteGlobalIDString = 50D56FD20F3FABEC007CD6B9;
			remoteInfo = EffectsAdvancedTest;
		};
		434F45DC11FB2F6A00603A4D /* PBXContainerItemProxy */ = {
			isa = PBXContainerItemProxy;
			containerPortal = 434F449111FB2F6100603A4D /* cocos2d-iphone.xcodeproj */;
			proxyType = 2;
			remoteGlobalIDString = DAABAA9A1059A42E00794EB3;
			remoteInfo = FontTest;
		};
		434F45DE11FB2F6A00603A4D /* PBXContainerItemProxy */ = {
			isa = PBXContainerItemProxy;
			containerPortal = 434F449111FB2F6100603A4D /* cocos2d-iphone.xcodeproj */;
			proxyType = 2;
			remoteGlobalIDString = 50C7D4950E5C2ED80035ACA2;
			remoteInfo = IntervalTest;
		};
		434F45E011FB2F6A00603A4D /* PBXContainerItemProxy */ = {
			isa = PBXContainerItemProxy;
			containerPortal = 434F449111FB2F6100603A4D /* cocos2d-iphone.xcodeproj */;
			proxyType = 2;
			remoteGlobalIDString = 50E77D1211D4C926009CA2C2;
			remoteInfo = HiResTest;
		};
		434F45E211FB2F6A00603A4D /* PBXContainerItemProxy */ = {
			isa = PBXContainerItemProxy;
			containerPortal = 434F449111FB2F6100603A4D /* cocos2d-iphone.xcodeproj */;
			proxyType = 2;
			remoteGlobalIDString = 504799B1100F6A4200D1C71A;
			remoteInfo = LayerTest;
		};
		434F45E411FB2F6A00603A4D /* PBXContainerItemProxy */ = {
			isa = PBXContainerItemProxy;
			containerPortal = 434F449111FB2F6100603A4D /* cocos2d-iphone.xcodeproj */;
			proxyType = 2;
			remoteGlobalIDString = 506C7A090E01C73A00B48100;
			remoteInfo = MenuTest;
		};
		434F45E611FB2F6A00603A4D /* PBXContainerItemProxy */ = {
			isa = PBXContainerItemProxy;
			containerPortal = 434F449111FB2F6100603A4D /* cocos2d-iphone.xcodeproj */;
			proxyType = 2;
			remoteGlobalIDString = 05AAF3E410EE85B300CACA2B;
			remoteInfo = MenuTestWithBlocks;
		};
		434F45E811FB2F6A00603A4D /* PBXContainerItemProxy */ = {
			isa = PBXContainerItemProxy;
			containerPortal = 434F449111FB2F6100603A4D /* cocos2d-iphone.xcodeproj */;
			proxyType = 2;
			remoteGlobalIDString = 50A783C40F3AFCE500104C45;
			remoteInfo = MotionStreakTest;
		};
		434F45EA11FB2F6A00603A4D /* PBXContainerItemProxy */ = {
			isa = PBXContainerItemProxy;
			containerPortal = 434F449111FB2F6100603A4D /* cocos2d-iphone.xcodeproj */;
			proxyType = 2;
			remoteGlobalIDString = 50C195600EE4B57E00829067;
			remoteInfo = ParallaxTest;
		};
		434F45EC11FB2F6A00603A4D /* PBXContainerItemProxy */ = {
			isa = PBXContainerItemProxy;
			containerPortal = 434F449111FB2F6100603A4D /* cocos2d-iphone.xcodeproj */;
			proxyType = 2;
			remoteGlobalIDString = 50DB1BCA0E1C1E5900A89DFF;
			remoteInfo = ParticleTest;
		};
		434F45EE11FB2F6A00603A4D /* PBXContainerItemProxy */ = {
			isa = PBXContainerItemProxy;
			containerPortal = 434F449111FB2F6100603A4D /* cocos2d-iphone.xcodeproj */;
			proxyType = 2;
			remoteGlobalIDString = 8EDF3ED80F6BDA0000F54643;
			remoteInfo = "PASoundEngineTest (experimental)";
		};
		434F45F011FB2F6A00603A4D /* PBXContainerItemProxy */ = {
			isa = PBXContainerItemProxy;
			containerPortal = 434F449111FB2F6100603A4D /* cocos2d-iphone.xcodeproj */;
			proxyType = 2;
			remoteGlobalIDString = 5006BD0D11BCF3C300E488BD;
			remoteInfo = PerformanceTestChildrenNode;
		};
		434F45F211FB2F6A00603A4D /* PBXContainerItemProxy */ = {
			isa = PBXContainerItemProxy;
			containerPortal = 434F449111FB2F6100603A4D /* cocos2d-iphone.xcodeproj */;
			proxyType = 2;
			remoteGlobalIDString = 50E2A40010A4A53000D894CE;
			remoteInfo = PerformanceTestParticles;
		};
		434F45F411FB2F6A00603A4D /* PBXContainerItemProxy */ = {
			isa = PBXContainerItemProxy;
			containerPortal = 434F449111FB2F6100603A4D /* cocos2d-iphone.xcodeproj */;
			proxyType = 2;
			remoteGlobalIDString = 50E2A3F410A4A51C00D894CE;
			remoteInfo = PerformanceTestSprites;
		};
		434F45F611FB2F6A00603A4D /* PBXContainerItemProxy */ = {
			isa = PBXContainerItemProxy;
			containerPortal = 434F449111FB2F6100603A4D /* cocos2d-iphone.xcodeproj */;
			proxyType = 2;
			remoteGlobalIDString = 504018FB10FE800D0017842A;
			remoteInfo = PerformanceTestTouches;
		};
		434F45F811FB2F6A00603A4D /* PBXContainerItemProxy */ = {
			isa = PBXContainerItemProxy;
			containerPortal = 434F449111FB2F6100603A4D /* cocos2d-iphone.xcodeproj */;
			proxyType = 2;
			remoteGlobalIDString = 501504ED11330E1700A9CA65;
			remoteInfo = ProgressActionsTest;
		};
		434F45FA11FB2F6A00603A4D /* PBXContainerItemProxy */ = {
			isa = PBXContainerItemProxy;
			containerPortal = 434F449111FB2F6100603A4D /* cocos2d-iphone.xcodeproj */;
			proxyType = 2;
			remoteGlobalIDString = 495E73F7104B74E20012BB52;
			remoteInfo = RenderTextureTest;
		};
		434F45FC11FB2F6A00603A4D /* PBXContainerItemProxy */ = {
			isa = PBXContainerItemProxy;
			containerPortal = 434F449111FB2F6100603A4D /* cocos2d-iphone.xcodeproj */;
			proxyType = 2;
			remoteGlobalIDString = 502C66180DFEFCCA00E4107D;
			remoteInfo = RotateWorldTest;
		};
		434F45FE11FB2F6A00603A4D /* PBXContainerItemProxy */ = {
			isa = PBXContainerItemProxy;
			containerPortal = 434F449111FB2F6100603A4D /* cocos2d-iphone.xcodeproj */;
			proxyType = 2;
			remoteGlobalIDString = 506C800E0E041C9300B48100;
			remoteInfo = SceneTest;
		};
		434F460011FB2F6A00603A4D /* PBXContainerItemProxy */ = {
			isa = PBXContainerItemProxy;
			containerPortal = 434F449111FB2F6100603A4D /* cocos2d-iphone.xcodeproj */;
			proxyType = 2;
			remoteGlobalIDString = 508CA7DA1193270F003AC397;
			remoteInfo = SchedulerTest;
		};
		434F460211FB2F6A00603A4D /* PBXContainerItemProxy */ = {
			isa = PBXContainerItemProxy;
			containerPortal = 434F449111FB2F6100603A4D /* cocos2d-iphone.xcodeproj */;
			proxyType = 2;
			remoteGlobalIDString = 501C7C910F91EFFF0024A296;
			remoteInfo = SpriteTest;
		};
		434F460411FB2F6A00603A4D /* PBXContainerItemProxy */ = {
			isa = PBXContainerItemProxy;
			containerPortal = 434F449111FB2F6100603A4D /* cocos2d-iphone.xcodeproj */;
			proxyType = 2;
			remoteGlobalIDString = 505B62D60F2E6A0F001B4104;
			remoteInfo = Texture2dTest;
		};
		434F460611FB2F6A00603A4D /* PBXContainerItemProxy */ = {
			isa = PBXContainerItemProxy;
			containerPortal = 434F449111FB2F6100603A4D /* cocos2d-iphone.xcodeproj */;
			proxyType = 2;
			remoteGlobalIDString = 503F5CBE101FE930002A37E5;
			remoteInfo = TileMapTest;
		};
		434F460811FB2F6A00603A4D /* PBXContainerItemProxy */ = {
			isa = PBXContainerItemProxy;
			containerPortal = 434F449111FB2F6100603A4D /* cocos2d-iphone.xcodeproj */;
			proxyType = 2;
			remoteGlobalIDString = 5012DD3B0FE2994300D6DDD1;
			remoteInfo = TouchesTest;
		};
		434F460A11FB2F6A00603A4D /* PBXContainerItemProxy */ = {
			isa = PBXContainerItemProxy;
			containerPortal = 434F449111FB2F6100603A4D /* cocos2d-iphone.xcodeproj */;
			proxyType = 2;
			remoteGlobalIDString = 50C938E00E0A9DBB00517B01;
			remoteInfo = TransitionsTest;
		};
		434F460C11FB2F6A00603A4D /* PBXContainerItemProxy */ = {
			isa = PBXContainerItemProxy;
			containerPortal = 434F449111FB2F6100603A4D /* cocos2d-iphone.xcodeproj */;
			proxyType = 2;
			remoteGlobalIDString = 50DFC29F0FF627B6007E7827;
			remoteInfo = HelloWorldSample;
		};
		434F460E11FB2F6A00603A4D /* PBXContainerItemProxy */ = {
			isa = PBXContainerItemProxy;
			containerPortal = 434F449111FB2F6100603A4D /* cocos2d-iphone.xcodeproj */;
			proxyType = 2;
			remoteGlobalIDString = 50D0E05F0FF9232E00098927;
			remoteInfo = HelloActionsSample;
		};
		434F461011FB2F6A00603A4D /* PBXContainerItemProxy */ = {
			isa = PBXContainerItemProxy;
			containerPortal = 434F449111FB2F6100603A4D /* cocos2d-iphone.xcodeproj */;
			proxyType = 2;
			remoteGlobalIDString = 50D0E0DE0FF930BA00098927;
			remoteInfo = HelloEventsSample;
		};
		434F461211FB2F6A00603A4D /* PBXContainerItemProxy */ = {
			isa = PBXContainerItemProxy;
			containerPortal = 434F449111FB2F6100603A4D /* cocos2d-iphone.xcodeproj */;
			proxyType = 2;
			remoteGlobalIDString = 507FF8F2116D16F600B6FAB2;
			remoteInfo = Bug350;
		};
		434F461411FB2F6A00603A4D /* PBXContainerItemProxy */ = {
			isa = PBXContainerItemProxy;
			containerPortal = 434F449111FB2F6100603A4D /* cocos2d-iphone.xcodeproj */;
			proxyType = 2;
			remoteGlobalIDString = 50CB34DD100765EF00B7A750;
			remoteInfo = Bug422;
		};
		434F461611FB2F6A00603A4D /* PBXContainerItemProxy */ = {
			isa = PBXContainerItemProxy;
			containerPortal = 434F449111FB2F6100603A4D /* cocos2d-iphone.xcodeproj */;
			proxyType = 2;
			remoteGlobalIDString = 50CBA48711CBD6FB007B009D;
			remoteInfo = Bug886;
		};
		434F461811FB2F6A00603A4D /* PBXContainerItemProxy */ = {
			isa = PBXContainerItemProxy;
			containerPortal = 434F449111FB2F6100603A4D /* cocos2d-iphone.xcodeproj */;
			proxyType = 2;
			remoteGlobalIDString = 507C0F0B11D609290075E747;
			remoteInfo = Bug899;
		};
		434F461A11FB2F6A00603A4D /* PBXContainerItemProxy */ = {
			isa = PBXContainerItemProxy;
			containerPortal = 434F449111FB2F6100603A4D /* cocos2d-iphone.xcodeproj */;
			proxyType = 2;
			remoteGlobalIDString = 502BF56911E39CC30030C477;
			remoteInfo = Bug914;
		};
		434F461D11FB2F9B00603A4D /* PBXContainerItemProxy */ = {
			isa = PBXContainerItemProxy;
			containerPortal = 434F449111FB2F6100603A4D /* cocos2d-iphone.xcodeproj */;
			proxyType = 1;
			remoteGlobalIDString = 5018F24C0DFDEAC400C013A5;
			remoteInfo = cocos2d;
		};
		434F461F11FB2FA000603A4D /* PBXContainerItemProxy */ = {
			isa = PBXContainerItemProxy;
			containerPortal = 434F449111FB2F6100603A4D /* cocos2d-iphone.xcodeproj */;
			proxyType = 1;
			remoteGlobalIDString = 50CB2FC91004C8B100B7A750;
			remoteInfo = CocosDenshion;
		};
		434F462111FB2FA300603A4D /* PBXContainerItemProxy */ = {
			isa = PBXContainerItemProxy;
			containerPortal = 434F449111FB2F6100603A4D /* cocos2d-iphone.xcodeproj */;
			proxyType = 1;
			remoteGlobalIDString = 505461DE10616AE100AB7C52;
			remoteInfo = FontLabel;
		};
		434F462311FB2FA700603A4D /* PBXContainerItemProxy */ = {
			isa = PBXContainerItemProxy;
			containerPortal = 434F449111FB2F6100603A4D /* cocos2d-iphone.xcodeproj */;
			proxyType = 1;
			remoteGlobalIDString = 503164CC10277665003ACFE7;
			remoteInfo = libpng;
		};
		434F462511FB2FAA00603A4D /* PBXContainerItemProxy */ = {
			isa = PBXContainerItemProxy;
			containerPortal = 434F449111FB2F6100603A4D /* cocos2d-iphone.xcodeproj */;
			proxyType = 1;
			remoteGlobalIDString = 509B39DE0F31020900F2FB95;
			remoteInfo = TouchJSON;
		};
		434F462711FB2FAE00603A4D /* PBXContainerItemProxy */ = {
			isa = PBXContainerItemProxy;
			containerPortal = 434F449111FB2F6100603A4D /* cocos2d-iphone.xcodeproj */;
			proxyType = 1;
			remoteGlobalIDString = 8E6CBEEE0F7A758000D47B3A;
			remoteInfo = vorbis;
		};
/* End PBXContainerItemProxy section */

/* Begin PBXFileReference section */
		1D6058910D05DD3D006BFB54 /* PanelsExample.app */ = {isa = PBXFileReference; explicitFileType = wrapper.application; includeInIndex = 0; path = PanelsExample.app; sourceTree = BUILT_PRODUCTS_DIR; };
		1F3B9A2B0EF2145700286867 /* shapesAppDelegate.m */ = {isa = PBXFileReference; fileEncoding = 4; lastKnownFileType = sourcecode.c.objc; name = shapesAppDelegate.m; path = Classes/shapesAppDelegate.m; sourceTree = SOURCE_ROOT; };
		1F3B9A2C0EF2145700286867 /* shapesAppDelegate.h */ = {isa = PBXFileReference; fileEncoding = 4; lastKnownFileType = sourcecode.c.h; name = shapesAppDelegate.h; path = Classes/shapesAppDelegate.h; sourceTree = SOURCE_ROOT; };
		1F3B9A820EF2151B00286867 /* shapes_Prefix.pch */ = {isa = PBXFileReference; fileEncoding = 4; lastKnownFileType = sourcecode.c.h; path = shapes_Prefix.pch; sourceTree = SOURCE_ROOT; };
		29B97316FDCFA39411CA2CEA /* main.m */ = {isa = PBXFileReference; fileEncoding = 4; lastKnownFileType = sourcecode.c.objc; path = main.m; sourceTree = "<group>"; };
		433BD81F1201C7090025525E /* NMPanelMenu.h */ = {isa = PBXFileReference; fileEncoding = 4; lastKnownFileType = sourcecode.c.h; path = NMPanelMenu.h; sourceTree = "<group>"; };
		433BD8201201C7090025525E /* NMPanelMenu.m */ = {isa = PBXFileReference; fileEncoding = 4; lastKnownFileType = sourcecode.c.objc; path = NMPanelMenu.m; sourceTree = "<group>"; };
		433BD8481201C73F0025525E /* NMPanelMenuItem.h */ = {isa = PBXFileReference; fileEncoding = 4; lastKnownFileType = sourcecode.c.h; path = NMPanelMenuItem.h; sourceTree = "<group>"; };
		433BD8491201C73F0025525E /* NMPanelMenuItem.m */ = {isa = PBXFileReference; fileEncoding = 4; lastKnownFileType = sourcecode.c.objc; path = NMPanelMenuItem.m; sourceTree = "<group>"; };
		434F449111FB2F6100603A4D /* cocos2d-iphone.xcodeproj */ = {isa = PBXFileReference; lastKnownFileType = "wrapper.pb-project"; path = "cocos2d-iphone.xcodeproj"; sourceTree = COCOS2D_SRC; };
		4365CA5B120A6AFB00E598B9 /* MediaPlayer.framework */ = {isa = PBXFileReference; lastKnownFileType = wrapper.framework; name = MediaPlayer.framework; path = System/Library/Frameworks/MediaPlayer.framework; sourceTree = SDKROOT; };
		436B00F011FFB124007B2F00 /* SynthesizeSingleton.h */ = {isa = PBXFileReference; fileEncoding = 4; lastKnownFileType = sourcecode.c.h; name = SynthesizeSingleton.h; path = Classes/Other/SynthesizeSingleton.h; sourceTree = "<group>"; };
		436B00F111FFB134007B2F00 /* GameController.h */ = {isa = PBXFileReference; fileEncoding = 4; lastKnownFileType = sourcecode.c.h; path = GameController.h; sourceTree = "<group>"; };
		436B00F211FFB134007B2F00 /* GameController.mm */ = {isa = PBXFileReference; fileEncoding = 4; lastKnownFileType = sourcecode.cpp.objcpp; path = GameController.mm; sourceTree = "<group>"; };
		43A94B451222B5990030A3BA /* HCUPPanelScene.h */ = {isa = PBXFileReference; fileEncoding = 4; lastKnownFileType = sourcecode.c.h; path = HCUPPanelScene.h; sourceTree = "<group>"; };
		43A94B461222B5990030A3BA /* HCUPPanelScene.m */ = {isa = PBXFileReference; fileEncoding = 4; lastKnownFileType = sourcecode.c.objc; path = HCUPPanelScene.m; sourceTree = "<group>"; };
		43A94B561222B83E0030A3BA /* CocosOverlayViewController.h */ = {isa = PBXFileReference; fileEncoding = 4; lastKnownFileType = sourcecode.c.h; path = CocosOverlayViewController.h; sourceTree = "<group>"; };
		43A94B571222B83E0030A3BA /* CocosOverlayViewController.m */ = {isa = PBXFileReference; fileEncoding = 4; lastKnownFileType = sourcecode.c.objc; path = CocosOverlayViewController.m; sourceTree = "<group>"; };
		43A94B5C1222B87D0030A3BA /* CocosOverlayScrollView.h */ = {isa = PBXFileReference; fileEncoding = 4; lastKnownFileType = sourcecode.c.h; path = CocosOverlayScrollView.h; sourceTree = "<group>"; };
		43A94B5D1222B87D0030A3BA /* CocosOverlayScrollView.m */ = {isa = PBXFileReference; fileEncoding = 4; lastKnownFileType = sourcecode.c.objc; path = CocosOverlayScrollView.m; sourceTree = "<group>"; };
		43D170D2122345AA0081657D /* PreviewScrollContainerView.h */ = {isa = PBXFileReference; fileEncoding = 4; lastKnownFileType = sourcecode.c.h; path = PreviewScrollContainerView.h; sourceTree = "<group>"; };
		43D170D3122345AA0081657D /* PreviewScrollContainerView.m */ = {isa = PBXFileReference; fileEncoding = 4; lastKnownFileType = sourcecode.c.objc; path = PreviewScrollContainerView.m; sourceTree = "<group>"; };
		43D92D7C11FDD3E80055D2D5 /* common.h */ = {isa = PBXFileReference; fileEncoding = 4; lastKnownFileType = sourcecode.c.h; name = common.h; path = Classes/common.h; sourceTree = SOURCE_ROOT; };
		504DFC6810AF1739006D82FE /* LICENSE.cocos2d */ = {isa = PBXFileReference; fileEncoding = 4; lastKnownFileType = text; path = LICENSE.cocos2d; sourceTree = "<group>"; };
		504DFC6910AF1739006D82FE /* LICENSE.cocosdenshion */ = {isa = PBXFileReference; fileEncoding = 4; lastKnownFileType = text; path = LICENSE.cocosdenshion; sourceTree = "<group>"; };
		506EDB87102F4C4000A389B3 /* libz.dylib */ = {isa = PBXFileReference; lastKnownFileType = "compiled.mach-o.dylib"; name = libz.dylib; path = usr/lib/libz.dylib; sourceTree = SDKROOT; };
		506EDBA4102F4C9F00A389B3 /* AVFoundation.framework */ = {isa = PBXFileReference; lastKnownFileType = wrapper.framework; name = AVFoundation.framework; path = System/Library/Frameworks/AVFoundation.framework; sourceTree = SDKROOT; };
		50F414ED1069373D002A0D5E /* fps_images.png */ = {isa = PBXFileReference; lastKnownFileType = image.png; path = fps_images.png; sourceTree = "<group>"; };
		50F414EE1069373D002A0D5E /* Icon.png */ = {isa = PBXFileReference; lastKnownFileType = image.png; path = Icon.png; sourceTree = "<group>"; };
		50F414EF1069373D002A0D5E /* Info.plist */ = {isa = PBXFileReference; fileEncoding = 4; lastKnownFileType = text.plist.xml; path = Info.plist; sourceTree = "<group>"; };
		DC6640020F83B3EA000B3E49 /* AudioToolbox.framework */ = {isa = PBXFileReference; lastKnownFileType = wrapper.framework; name = AudioToolbox.framework; path = System/Library/Frameworks/AudioToolbox.framework; sourceTree = SDKROOT; };
		DC6640040F83B3EA000B3E49 /* OpenAL.framework */ = {isa = PBXFileReference; lastKnownFileType = wrapper.framework; name = OpenAL.framework; path = System/Library/Frameworks/OpenAL.framework; sourceTree = SDKROOT; };
		DCCBF1B60F6022AE0040855A /* CoreGraphics.framework */ = {isa = PBXFileReference; lastKnownFileType = wrapper.framework; name = CoreGraphics.framework; path = System/Library/Frameworks/CoreGraphics.framework; sourceTree = SDKROOT; };
		DCCBF1B80F6022AE0040855A /* Foundation.framework */ = {isa = PBXFileReference; lastKnownFileType = wrapper.framework; name = Foundation.framework; path = System/Library/Frameworks/Foundation.framework; sourceTree = SDKROOT; };
		DCCBF1BA0F6022AE0040855A /* OpenGLES.framework */ = {isa = PBXFileReference; lastKnownFileType = wrapper.framework; name = OpenGLES.framework; path = System/Library/Frameworks/OpenGLES.framework; sourceTree = SDKROOT; };
		DCCBF1BC0F6022AE0040855A /* QuartzCore.framework */ = {isa = PBXFileReference; lastKnownFileType = wrapper.framework; name = QuartzCore.framework; path = System/Library/Frameworks/QuartzCore.framework; sourceTree = SDKROOT; };
		DCCBF1BE0F6022AE0040855A /* UIKit.framework */ = {isa = PBXFileReference; lastKnownFileType = wrapper.framework; name = UIKit.framework; path = System/Library/Frameworks/UIKit.framework; sourceTree = SDKROOT; };
/* End PBXFileReference section */

/* Begin PBXFrameworksBuildPhase section */
		1D60588F0D05DD3D006BFB54 /* Frameworks */ = {
			isa = PBXFrameworksBuildPhase;
			buildActionMask = 2147483647;
			files = (
				434F461C11FB2F9400603A4D /* libcocos2d.a in Frameworks */,
				43E9C7E411FF2BD8000CA26E /* libCocosDenshion.a in Frameworks */,
				4379A70B12125BBA00256487 /* libFontLabel.a in Frameworks */,
				DCCBF1B70F6022AE0040855A /* CoreGraphics.framework in Frameworks */,
				DCCBF1B90F6022AE0040855A /* Foundation.framework in Frameworks */,
				DCCBF1BB0F6022AE0040855A /* OpenGLES.framework in Frameworks */,
				DCCBF1BD0F6022AE0040855A /* QuartzCore.framework in Frameworks */,
				DCCBF1BF0F6022AE0040855A /* UIKit.framework in Frameworks */,
				DC6640030F83B3EA000B3E49 /* AudioToolbox.framework in Frameworks */,
				DC6640050F83B3EA000B3E49 /* OpenAL.framework in Frameworks */,
				506EDB88102F4C4000A389B3 /* libz.dylib in Frameworks */,
				506EDBA5102F4C9F00A389B3 /* AVFoundation.framework in Frameworks */,
				4365CA5C120A6AFB00E598B9 /* MediaPlayer.framework in Frameworks */,
			);
			runOnlyForDeploymentPostprocessing = 0;
		};
/* End PBXFrameworksBuildPhase section */

/* Begin PBXGroup section */
		19C28FACFE9D520D11CA2CBB /* Products */ = {
			isa = PBXGroup;
			children = (
				1D6058910D05DD3D006BFB54 /* PanelsExample.app */,
			);
			name = Products;
			sourceTree = "<group>";
		};
		29B97314FDCFA39411CA2CEA /* CustomTemplate */ = {
			isa = PBXGroup;
			children = (
				434F449111FB2F6100603A4D /* cocos2d-iphone.xcodeproj */,
				504DFC6810AF1739006D82FE /* LICENSE.cocos2d */,
				504DFC6910AF1739006D82FE /* LICENSE.cocosdenshion */,
				2D500B1D0D5A766B00DBA0E3 /* Classes */,
				29B97315FDCFA39411CA2CEA /* Other Sources */,
				50F414EB1069373D002A0D5E /* Resources */,
				29B97323FDCFA39411CA2CEA /* Frameworks */,
				19C28FACFE9D520D11CA2CBB /* Products */,
			);
			name = CustomTemplate;
			sourceTree = "<group>";
		};
		29B97315FDCFA39411CA2CEA /* Other Sources */ = {
			isa = PBXGroup;
			children = (
				29B97316FDCFA39411CA2CEA /* main.m */,
				1F3B9A820EF2151B00286867 /* shapes_Prefix.pch */,
				436B00F011FFB124007B2F00 /* SynthesizeSingleton.h */,
			);
			name = "Other Sources";
			sourceTree = "<group>";
		};
		29B97323FDCFA39411CA2CEA /* Frameworks */ = {
			isa = PBXGroup;
			children = (
				4365CA5B120A6AFB00E598B9 /* MediaPlayer.framework */,
				DCCBF1B60F6022AE0040855A /* CoreGraphics.framework */,
				DCCBF1B80F6022AE0040855A /* Foundation.framework */,
				DCCBF1BA0F6022AE0040855A /* OpenGLES.framework */,
				DCCBF1BC0F6022AE0040855A /* QuartzCore.framework */,
				DCCBF1BE0F6022AE0040855A /* UIKit.framework */,
				DC6640040F83B3EA000B3E49 /* OpenAL.framework */,
				DC6640020F83B3EA000B3E49 /* AudioToolbox.framework */,
				506EDB87102F4C4000A389B3 /* libz.dylib */,
				506EDBA4102F4C9F00A389B3 /* AVFoundation.framework */,
			);
			name = Frameworks;
			sourceTree = "<group>";
		};
		2D500B1D0D5A766B00DBA0E3 /* Classes */ = {
			isa = PBXGroup;
			children = (
				433BD7D61201C6B60025525E /* Views */,
				43E9C7C311FF2A5A000CA26E /* Controllers */,
				43D92D9811FDD8FB0055D2D5 /* Models */,
				434F465111FB317300603A4D /* Scenes */,
				1F3B9A2C0EF2145700286867 /* shapesAppDelegate.h */,
				1F3B9A2B0EF2145700286867 /* shapesAppDelegate.m */,
			);
			path = Classes;
			sourceTree = "<group>";
		};
		433BD7D61201C6B60025525E /* Views */ = {
			isa = PBXGroup;
			children = (
				433BD81F1201C7090025525E /* NMPanelMenu.h */,
				433BD8201201C7090025525E /* NMPanelMenu.m */,
				433BD8481201C73F0025525E /* NMPanelMenuItem.h */,
				433BD8491201C73F0025525E /* NMPanelMenuItem.m */,
				43A94B5C1222B87D0030A3BA /* CocosOverlayScrollView.h */,
				43A94B5D1222B87D0030A3BA /* CocosOverlayScrollView.m */,
				43D170D2122345AA0081657D /* PreviewScrollContainerView.h */,
				43D170D3122345AA0081657D /* PreviewScrollContainerView.m */,
			);
			path = Views;
			sourceTree = "<group>";
		};
		434F455A11FB2F6A00603A4D /* Products */ = {
			isa = PBXGroup;
			children = (
				434F459D11FB2F6A00603A4D /* libbuild all tests.a */,
				434F459F11FB2F6A00603A4D /* libbox2d.a */,
				434F45A111FB2F6A00603A4D /* libChipmunk.a */,
				434F45A311FB2F6A00603A4D /* libcocos2d.a */,
				434F45A511FB2F6A00603A4D /* libcocos2d-documentation.a */,
				434F45A711FB2F6A00603A4D /* libCocosDenshion.a */,
				434F45A911FB2F6A00603A4D /* libcocos Live.a */,
				434F45AB11FB2F6A00603A4D /* libFontLabel.a */,
				434F45AD11FB2F6A00603A4D /* liblibpng.a */,
				434F45AF11FB2F6A00603A4D /* libTouchJSON.a */,
				434F45B111FB2F6A00603A4D /* libvorbis.a */,
				434F45B311FB2F6A00603A4D /* ActionManagerTest.app */,
				434F45B511FB2F6A00603A4D /* ActionsTest.app */,
				434F45B711FB2F6A00603A4D /* ActionsWithBlocksSample.app */,
				434F45B911FB2F6A00603A4D /* AtlasTest.app */,
				434F45BB11FB2F6A00603A4D /* AttachTest.app */,
				434F45BD11FB2F6A00603A4D /* Box2dAccelTouchTest.app */,
				434F45BF11FB2F6A00603A4D /* Box2dTestBed.app */,
				434F45C111FB2F6A00603A4D /* ChipmunkAccelTouchTest.app */,
				434F45C311FB2F6A00603A4D /* ChipmunkTest.app */,
				434F45C511FB2F6A00603A4D /* ClickAndMoveTest.app */,
				434F45C711FB2F6A00603A4D /* CocosDenshion - Tom The Turret.app */,
				434F45C911FB2F6A00603A4D /* CocosDenshion - Drum Pad.app */,
				434F45CB11FB2F6A00603A4D /* CocosDenshion - Fade To Grey.app */,
				434F45CD11FB2F6A00603A4D /* CocosDenshion - FancyRat Metering Demo.app */,
				434F45CF11FB2F6A00603A4D /* cocosLiveTest.app */,
				434F45D111FB2F6A00603A4D /* cocosnodeTest.app */,
				434F45D311FB2F6A00603A4D /* drawPrimitivesTest.app */,
				434F45D511FB2F6A00603A4D /* EAGLViewTest.app */,
				434F45D711FB2F6A00603A4D /* EaseActionsTest.app */,
				434F45D911FB2F6A00603A4D /* EffectsTest.app */,
				434F45DB11FB2F6A00603A4D /* EffectsAdvancedTest.app */,
				434F45DD11FB2F6A00603A4D /* FontTest.app */,
				434F45DF11FB2F6A00603A4D /* IntervalTest.app */,
				434F45E111FB2F6A00603A4D /* SpriteTest.app */,
				434F45E311FB2F6A00603A4D /* LayerTest.app */,
				434F45E511FB2F6A00603A4D /* MenuTest.app */,
				434F45E711FB2F6A00603A4D /* MenuTestWithBlocks.app */,
				434F45E911FB2F6A00603A4D /* MotionStreakTest.app */,
				434F45EB11FB2F6A00603A4D /* ParallaxTest.app */,
				434F45ED11FB2F6A00603A4D /* ParticleTest.app */,
				434F45EF11FB2F6A00603A4D /* SoundEngineTest.app */,
				434F45F111FB2F6A00603A4D /* PerformanceTestChildrenNode.app */,
				434F45F311FB2F6A00603A4D /* PerformanceTestParticles.app */,
				434F45F511FB2F6A00603A4D /* PerformanceTestSprites.app */,
				434F45F711FB2F6A00603A4D /* PerformanceTestTouches.app */,
				434F45F911FB2F6A00603A4D /* ProgressActionsTest.app */,
				434F45FB11FB2F6A00603A4D /* RenderTextureTest.app */,
				434F45FD11FB2F6A00603A4D /* RotateWorldTest.app */,
				434F45FF11FB2F6A00603A4D /* SceneTest.app */,
				434F460111FB2F6A00603A4D /* SchedulerTest.app */,
				434F460311FB2F6A00603A4D /* SpriteTest.app */,
				434F460511FB2F6A00603A4D /* Texture2dTest.app */,
				434F460711FB2F6A00603A4D /* TileMapTest.app */,
				434F460911FB2F6A00603A4D /* TouchesTest.app */,
				434F460B11FB2F6A00603A4D /* TransitionsTest.app */,
				434F460D11FB2F6A00603A4D /* HelloWorldSample.app */,
				434F460F11FB2F6A00603A4D /* HelloActionsSample.app */,
				434F461111FB2F6A00603A4D /* HelloEventsSample.app */,
				434F461311FB2F6A00603A4D /* Bug350.app */,
				434F461511FB2F6A00603A4D /* Bug422.app */,
				434F461711FB2F6A00603A4D /* Bug886.app */,
				434F461911FB2F6A00603A4D /* Bug899.app */,
				434F461B11FB2F6A00603A4D /* Bug914.app */,
			);
			name = Products;
			sourceTree = "<group>";
		};
		434F465111FB317300603A4D /* Scenes */ = {
			isa = PBXGroup;
			children = (
				43D92D7C11FDD3E80055D2D5 /* common.h */,
				43A94B451222B5990030A3BA /* HCUPPanelScene.h */,
				43A94B461222B5990030A3BA /* HCUPPanelScene.m */,
			);
			path = Scenes;
			sourceTree = "<group>";
		};
		434F466611FB8B4F00603A4D /* images */ = {
			isa = PBXGroup;
			children = (
			);
			path = images;
			sourceTree = "<group>";
		};
		43D92D9811FDD8FB0055D2D5 /* Models */ = {
			isa = PBXGroup;
			children = (
			);
			name = Models;
			sourceTree = "<group>";
		};
		43E9C7C311FF2A5A000CA26E /* Controllers */ = {
			isa = PBXGroup;
			children = (
				436B00F111FFB134007B2F00 /* GameController.h */,
				436B00F211FFB134007B2F00 /* GameController.mm */,
				43A94B561222B83E0030A3BA /* CocosOverlayViewController.h */,
				43A94B571222B83E0030A3BA /* CocosOverlayViewController.m */,
			);
			path = Controllers;
			sourceTree = "<group>";
		};
		50F414EB1069373D002A0D5E /* Resources */ = {
			isa = PBXGroup;
			children = (
				434F466611FB8B4F00603A4D /* images */,
				50F414ED1069373D002A0D5E /* fps_images.png */,
				50F414EE1069373D002A0D5E /* Icon.png */,
				50F414EF1069373D002A0D5E /* Info.plist */,
			);
			path = Resources;
			sourceTree = "<group>";
		};
/* End PBXGroup section */

/* Begin PBXNativeTarget section */
		1D6058900D05DD3D006BFB54 /* PanelsExample */ = {
			isa = PBXNativeTarget;
			buildConfigurationList = 1D6058960D05DD3E006BFB54 /* Build configuration list for PBXNativeTarget "PanelsExample" */;
			buildPhases = (
				1D60588D0D05DD3D006BFB54 /* Resources */,
				1D60588E0D05DD3D006BFB54 /* Sources */,
				1D60588F0D05DD3D006BFB54 /* Frameworks */,
			);
			buildRules = (
			);
			dependencies = (
				434F461E11FB2F9B00603A4D /* PBXTargetDependency */,
				434F462011FB2FA000603A4D /* PBXTargetDependency */,
				434F462211FB2FA300603A4D /* PBXTargetDependency */,
				434F462411FB2FA700603A4D /* PBXTargetDependency */,
				434F462611FB2FAA00603A4D /* PBXTargetDependency */,
				434F462811FB2FAE00603A4D /* PBXTargetDependency */,
			);
			name = PanelsExample;
			productName = shapes;
			productReference = 1D6058910D05DD3D006BFB54 /* PanelsExample.app */;
			productType = "com.apple.product-type.application";
		};
/* End PBXNativeTarget section */

/* Begin PBXProject section */
		29B97313FDCFA39411CA2CEA /* Project object */ = {
			isa = PBXProject;
			attributes = {
				ORGANIZATIONNAME = LittleHiccup;
			};
			buildConfigurationList = C01FCF4E08A954540054247B /* Build configuration list for PBXProject "shapes-panels" */;
			compatibilityVersion = "Xcode 3.1";
			hasScannedForEncodings = 1;
			mainGroup = 29B97314FDCFA39411CA2CEA /* CustomTemplate */;
			projectDirPath = "";
			projectReferences = (
				{
					ProductGroup = 434F455A11FB2F6A00603A4D /* Products */;
					ProjectRef = 434F449111FB2F6100603A4D /* cocos2d-iphone.xcodeproj */;
				},
			);
			projectRoot = "";
			targets = (
				1D6058900D05DD3D006BFB54 /* PanelsExample */,
			);
		};
/* End PBXProject section */

/* Begin PBXReferenceProxy section */
		434F459D11FB2F6A00603A4D /* libbuild all tests.a */ = {
			isa = PBXReferenceProxy;
			fileType = archive.ar;
			path = "libbuild all tests.a";
			remoteRef = 434F459C11FB2F6A00603A4D /* PBXContainerItemProxy */;
			sourceTree = BUILT_PRODUCTS_DIR;
		};
		434F459F11FB2F6A00603A4D /* libbox2d.a */ = {
			isa = PBXReferenceProxy;
			fileType = archive.ar;
			path = libbox2d.a;
			remoteRef = 434F459E11FB2F6A00603A4D /* PBXContainerItemProxy */;
			sourceTree = BUILT_PRODUCTS_DIR;
		};
		434F45A111FB2F6A00603A4D /* libChipmunk.a */ = {
			isa = PBXReferenceProxy;
			fileType = archive.ar;
			path = libChipmunk.a;
			remoteRef = 434F45A011FB2F6A00603A4D /* PBXContainerItemProxy */;
			sourceTree = BUILT_PRODUCTS_DIR;
		};
		434F45A311FB2F6A00603A4D /* libcocos2d.a */ = {
			isa = PBXReferenceProxy;
			fileType = archive.ar;
			path = libcocos2d.a;
			remoteRef = 434F45A211FB2F6A00603A4D /* PBXContainerItemProxy */;
			sourceTree = BUILT_PRODUCTS_DIR;
		};
		434F45A511FB2F6A00603A4D /* libcocos2d-documentation.a */ = {
			isa = PBXReferenceProxy;
			fileType = archive.ar;
			path = "libcocos2d-documentation.a";
			remoteRef = 434F45A411FB2F6A00603A4D /* PBXContainerItemProxy */;
			sourceTree = BUILT_PRODUCTS_DIR;
		};
		434F45A711FB2F6A00603A4D /* libCocosDenshion.a */ = {
			isa = PBXReferenceProxy;
			fileType = archive.ar;
			path = libCocosDenshion.a;
			remoteRef = 434F45A611FB2F6A00603A4D /* PBXContainerItemProxy */;
			sourceTree = BUILT_PRODUCTS_DIR;
		};
		434F45A911FB2F6A00603A4D /* libcocos Live.a */ = {
			isa = PBXReferenceProxy;
			fileType = archive.ar;
			path = "libcocos Live.a";
			remoteRef = 434F45A811FB2F6A00603A4D /* PBXContainerItemProxy */;
			sourceTree = BUILT_PRODUCTS_DIR;
		};
		434F45AB11FB2F6A00603A4D /* libFontLabel.a */ = {
			isa = PBXReferenceProxy;
			fileType = archive.ar;
			path = libFontLabel.a;
			remoteRef = 434F45AA11FB2F6A00603A4D /* PBXContainerItemProxy */;
			sourceTree = BUILT_PRODUCTS_DIR;
		};
		434F45AD11FB2F6A00603A4D /* liblibpng.a */ = {
			isa = PBXReferenceProxy;
			fileType = archive.ar;
			path = liblibpng.a;
			remoteRef = 434F45AC11FB2F6A00603A4D /* PBXContainerItemProxy */;
			sourceTree = BUILT_PRODUCTS_DIR;
		};
		434F45AF11FB2F6A00603A4D /* libTouchJSON.a */ = {
			isa = PBXReferenceProxy;
			fileType = archive.ar;
			path = libTouchJSON.a;
			remoteRef = 434F45AE11FB2F6A00603A4D /* PBXContainerItemProxy */;
			sourceTree = BUILT_PRODUCTS_DIR;
		};
		434F45B111FB2F6A00603A4D /* libvorbis.a */ = {
			isa = PBXReferenceProxy;
			fileType = archive.ar;
			path = libvorbis.a;
			remoteRef = 434F45B011FB2F6A00603A4D /* PBXContainerItemProxy */;
			sourceTree = BUILT_PRODUCTS_DIR;
		};
		434F45B311FB2F6A00603A4D /* ActionManagerTest.app */ = {
			isa = PBXReferenceProxy;
			fileType = wrapper.application;
			path = ActionManagerTest.app;
			remoteRef = 434F45B211FB2F6A00603A4D /* PBXContainerItemProxy */;
			sourceTree = BUILT_PRODUCTS_DIR;
		};
		434F45B511FB2F6A00603A4D /* ActionsTest.app */ = {
			isa = PBXReferenceProxy;
			fileType = wrapper.application;
			path = ActionsTest.app;
			remoteRef = 434F45B411FB2F6A00603A4D /* PBXContainerItemProxy */;
			sourceTree = BUILT_PRODUCTS_DIR;
		};
		434F45B711FB2F6A00603A4D /* ActionsWithBlocksSample.app */ = {
			isa = PBXReferenceProxy;
			fileType = wrapper.application;
			path = ActionsWithBlocksSample.app;
			remoteRef = 434F45B611FB2F6A00603A4D /* PBXContainerItemProxy */;
			sourceTree = BUILT_PRODUCTS_DIR;
		};
		434F45B911FB2F6A00603A4D /* AtlasTest.app */ = {
			isa = PBXReferenceProxy;
			fileType = wrapper.application;
			path = AtlasTest.app;
			remoteRef = 434F45B811FB2F6A00603A4D /* PBXContainerItemProxy */;
			sourceTree = BUILT_PRODUCTS_DIR;
		};
		434F45BB11FB2F6A00603A4D /* AttachTest.app */ = {
			isa = PBXReferenceProxy;
			fileType = wrapper.application;
			path = AttachTest.app;
			remoteRef = 434F45BA11FB2F6A00603A4D /* PBXContainerItemProxy */;
			sourceTree = BUILT_PRODUCTS_DIR;
		};
		434F45BD11FB2F6A00603A4D /* Box2dAccelTouchTest.app */ = {
			isa = PBXReferenceProxy;
			fileType = wrapper.application;
			path = Box2dAccelTouchTest.app;
			remoteRef = 434F45BC11FB2F6A00603A4D /* PBXContainerItemProxy */;
			sourceTree = BUILT_PRODUCTS_DIR;
		};
		434F45BF11FB2F6A00603A4D /* Box2dTestBed.app */ = {
			isa = PBXReferenceProxy;
			fileType = wrapper.application;
			path = Box2dTestBed.app;
			remoteRef = 434F45BE11FB2F6A00603A4D /* PBXContainerItemProxy */;
			sourceTree = BUILT_PRODUCTS_DIR;
		};
		434F45C111FB2F6A00603A4D /* ChipmunkAccelTouchTest.app */ = {
			isa = PBXReferenceProxy;
			fileType = wrapper.application;
			path = ChipmunkAccelTouchTest.app;
			remoteRef = 434F45C011FB2F6A00603A4D /* PBXContainerItemProxy */;
			sourceTree = BUILT_PRODUCTS_DIR;
		};
		434F45C311FB2F6A00603A4D /* ChipmunkTest.app */ = {
			isa = PBXReferenceProxy;
			fileType = wrapper.application;
			path = ChipmunkTest.app;
			remoteRef = 434F45C211FB2F6A00603A4D /* PBXContainerItemProxy */;
			sourceTree = BUILT_PRODUCTS_DIR;
		};
		434F45C511FB2F6A00603A4D /* ClickAndMoveTest.app */ = {
			isa = PBXReferenceProxy;
			fileType = wrapper.application;
			path = ClickAndMoveTest.app;
			remoteRef = 434F45C411FB2F6A00603A4D /* PBXContainerItemProxy */;
			sourceTree = BUILT_PRODUCTS_DIR;
		};
		434F45C711FB2F6A00603A4D /* CocosDenshion - Tom The Turret.app */ = {
			isa = PBXReferenceProxy;
			fileType = wrapper.application;
			path = "CocosDenshion - Tom The Turret.app";
			remoteRef = 434F45C611FB2F6A00603A4D /* PBXContainerItemProxy */;
			sourceTree = BUILT_PRODUCTS_DIR;
		};
		434F45C911FB2F6A00603A4D /* CocosDenshion - Drum Pad.app */ = {
			isa = PBXReferenceProxy;
			fileType = wrapper.application;
			path = "CocosDenshion - Drum Pad.app";
			remoteRef = 434F45C811FB2F6A00603A4D /* PBXContainerItemProxy */;
			sourceTree = BUILT_PRODUCTS_DIR;
		};
		434F45CB11FB2F6A00603A4D /* CocosDenshion - Fade To Grey.app */ = {
			isa = PBXReferenceProxy;
			fileType = wrapper.application;
			path = "CocosDenshion - Fade To Grey.app";
			remoteRef = 434F45CA11FB2F6A00603A4D /* PBXContainerItemProxy */;
			sourceTree = BUILT_PRODUCTS_DIR;
		};
		434F45CD11FB2F6A00603A4D /* CocosDenshion - FancyRat Metering Demo.app */ = {
			isa = PBXReferenceProxy;
			fileType = wrapper.application;
			path = "CocosDenshion - FancyRat Metering Demo.app";
			remoteRef = 434F45CC11FB2F6A00603A4D /* PBXContainerItemProxy */;
			sourceTree = BUILT_PRODUCTS_DIR;
		};
		434F45CF11FB2F6A00603A4D /* cocosLiveTest.app */ = {
			isa = PBXReferenceProxy;
			fileType = wrapper.application;
			path = cocosLiveTest.app;
			remoteRef = 434F45CE11FB2F6A00603A4D /* PBXContainerItemProxy */;
			sourceTree = BUILT_PRODUCTS_DIR;
		};
		434F45D111FB2F6A00603A4D /* cocosnodeTest.app */ = {
			isa = PBXReferenceProxy;
			fileType = wrapper.application;
			path = cocosnodeTest.app;
			remoteRef = 434F45D011FB2F6A00603A4D /* PBXContainerItemProxy */;
			sourceTree = BUILT_PRODUCTS_DIR;
		};
		434F45D311FB2F6A00603A4D /* drawPrimitivesTest.app */ = {
			isa = PBXReferenceProxy;
			fileType = wrapper.application;
			path = drawPrimitivesTest.app;
			remoteRef = 434F45D211FB2F6A00603A4D /* PBXContainerItemProxy */;
			sourceTree = BUILT_PRODUCTS_DIR;
		};
		434F45D511FB2F6A00603A4D /* EAGLViewTest.app */ = {
			isa = PBXReferenceProxy;
			fileType = wrapper.application;
			path = EAGLViewTest.app;
			remoteRef = 434F45D411FB2F6A00603A4D /* PBXContainerItemProxy */;
			sourceTree = BUILT_PRODUCTS_DIR;
		};
		434F45D711FB2F6A00603A4D /* EaseActionsTest.app */ = {
			isa = PBXReferenceProxy;
			fileType = wrapper.application;
			path = EaseActionsTest.app;
			remoteRef = 434F45D611FB2F6A00603A4D /* PBXContainerItemProxy */;
			sourceTree = BUILT_PRODUCTS_DIR;
		};
		434F45D911FB2F6A00603A4D /* EffectsTest.app */ = {
			isa = PBXReferenceProxy;
			fileType = wrapper.application;
			path = EffectsTest.app;
			remoteRef = 434F45D811FB2F6A00603A4D /* PBXContainerItemProxy */;
			sourceTree = BUILT_PRODUCTS_DIR;
		};
		434F45DB11FB2F6A00603A4D /* EffectsAdvancedTest.app */ = {
			isa = PBXReferenceProxy;
			fileType = wrapper.application;
			path = EffectsAdvancedTest.app;
			remoteRef = 434F45DA11FB2F6A00603A4D /* PBXContainerItemProxy */;
			sourceTree = BUILT_PRODUCTS_DIR;
		};
		434F45DD11FB2F6A00603A4D /* FontTest.app */ = {
			isa = PBXReferenceProxy;
			fileType = wrapper.application;
			path = FontTest.app;
			remoteRef = 434F45DC11FB2F6A00603A4D /* PBXContainerItemProxy */;
			sourceTree = BUILT_PRODUCTS_DIR;
		};
		434F45DF11FB2F6A00603A4D /* IntervalTest.app */ = {
			isa = PBXReferenceProxy;
			fileType = wrapper.application;
			path = IntervalTest.app;
			remoteRef = 434F45DE11FB2F6A00603A4D /* PBXContainerItemProxy */;
			sourceTree = BUILT_PRODUCTS_DIR;
		};
		434F45E111FB2F6A00603A4D /* SpriteTest.app */ = {
			isa = PBXReferenceProxy;
			fileType = wrapper.application;
			path = SpriteTest.app;
			remoteRef = 434F45E011FB2F6A00603A4D /* PBXContainerItemProxy */;
			sourceTree = BUILT_PRODUCTS_DIR;
		};
		434F45E311FB2F6A00603A4D /* LayerTest.app */ = {
			isa = PBXReferenceProxy;
			fileType = wrapper.application;
			path = LayerTest.app;
			remoteRef = 434F45E211FB2F6A00603A4D /* PBXContainerItemProxy */;
			sourceTree = BUILT_PRODUCTS_DIR;
		};
		434F45E511FB2F6A00603A4D /* MenuTest.app */ = {
			isa = PBXReferenceProxy;
			fileType = wrapper.application;
			path = MenuTest.app;
			remoteRef = 434F45E411FB2F6A00603A4D /* PBXContainerItemProxy */;
			sourceTree = BUILT_PRODUCTS_DIR;
		};
		434F45E711FB2F6A00603A4D /* MenuTestWithBlocks.app */ = {
			isa = PBXReferenceProxy;
			fileType = wrapper.application;
			path = MenuTestWithBlocks.app;
			remoteRef = 434F45E611FB2F6A00603A4D /* PBXContainerItemProxy */;
			sourceTree = BUILT_PRODUCTS_DIR;
		};
		434F45E911FB2F6A00603A4D /* MotionStreakTest.app */ = {
			isa = PBXReferenceProxy;
			fileType = wrapper.application;
			path = MotionStreakTest.app;
			remoteRef = 434F45E811FB2F6A00603A4D /* PBXContainerItemProxy */;
			sourceTree = BUILT_PRODUCTS_DIR;
		};
		434F45EB11FB2F6A00603A4D /* ParallaxTest.app */ = {
			isa = PBXReferenceProxy;
			fileType = wrapper.application;
			path = ParallaxTest.app;
			remoteRef = 434F45EA11FB2F6A00603A4D /* PBXContainerItemProxy */;
			sourceTree = BUILT_PRODUCTS_DIR;
		};
		434F45ED11FB2F6A00603A4D /* ParticleTest.app */ = {
			isa = PBXReferenceProxy;
			fileType = wrapper.application;
			path = ParticleTest.app;
			remoteRef = 434F45EC11FB2F6A00603A4D /* PBXContainerItemProxy */;
			sourceTree = BUILT_PRODUCTS_DIR;
		};
		434F45EF11FB2F6A00603A4D /* SoundEngineTest.app */ = {
			isa = PBXReferenceProxy;
			fileType = wrapper.application;
			path = SoundEngineTest.app;
			remoteRef = 434F45EE11FB2F6A00603A4D /* PBXContainerItemProxy */;
			sourceTree = BUILT_PRODUCTS_DIR;
		};
		434F45F111FB2F6A00603A4D /* PerformanceTestChildrenNode.app */ = {
			isa = PBXReferenceProxy;
			fileType = wrapper.application;
			path = PerformanceTestChildrenNode.app;
			remoteRef = 434F45F011FB2F6A00603A4D /* PBXContainerItemProxy */;
			sourceTree = BUILT_PRODUCTS_DIR;
		};
		434F45F311FB2F6A00603A4D /* PerformanceTestParticles.app */ = {
			isa = PBXReferenceProxy;
			fileType = wrapper.application;
			path = PerformanceTestParticles.app;
			remoteRef = 434F45F211FB2F6A00603A4D /* PBXContainerItemProxy */;
			sourceTree = BUILT_PRODUCTS_DIR;
		};
		434F45F511FB2F6A00603A4D /* PerformanceTestSprites.app */ = {
			isa = PBXReferenceProxy;
			fileType = wrapper.application;
			path = PerformanceTestSprites.app;
			remoteRef = 434F45F411FB2F6A00603A4D /* PBXContainerItemProxy */;
			sourceTree = BUILT_PRODUCTS_DIR;
		};
		434F45F711FB2F6A00603A4D /* PerformanceTestTouches.app */ = {
			isa = PBXReferenceProxy;
			fileType = wrapper.application;
			path = PerformanceTestTouches.app;
			remoteRef = 434F45F611FB2F6A00603A4D /* PBXContainerItemProxy */;
			sourceTree = BUILT_PRODUCTS_DIR;
		};
		434F45F911FB2F6A00603A4D /* ProgressActionsTest.app */ = {
			isa = PBXReferenceProxy;
			fileType = wrapper.application;
			path = ProgressActionsTest.app;
			remoteRef = 434F45F811FB2F6A00603A4D /* PBXContainerItemProxy */;
			sourceTree = BUILT_PRODUCTS_DIR;
		};
		434F45FB11FB2F6A00603A4D /* RenderTextureTest.app */ = {
			isa = PBXReferenceProxy;
			fileType = wrapper.application;
			path = RenderTextureTest.app;
			remoteRef = 434F45FA11FB2F6A00603A4D /* PBXContainerItemProxy */;
			sourceTree = BUILT_PRODUCTS_DIR;
		};
		434F45FD11FB2F6A00603A4D /* RotateWorldTest.app */ = {
			isa = PBXReferenceProxy;
			fileType = wrapper.application;
			path = RotateWorldTest.app;
			remoteRef = 434F45FC11FB2F6A00603A4D /* PBXContainerItemProxy */;
			sourceTree = BUILT_PRODUCTS_DIR;
		};
		434F45FF11FB2F6A00603A4D /* SceneTest.app */ = {
			isa = PBXReferenceProxy;
			fileType = wrapper.application;
			path = SceneTest.app;
			remoteRef = 434F45FE11FB2F6A00603A4D /* PBXContainerItemProxy */;
			sourceTree = BUILT_PRODUCTS_DIR;
		};
		434F460111FB2F6A00603A4D /* SchedulerTest.app */ = {
			isa = PBXReferenceProxy;
			fileType = wrapper.application;
			path = SchedulerTest.app;
			remoteRef = 434F460011FB2F6A00603A4D /* PBXContainerItemProxy */;
			sourceTree = BUILT_PRODUCTS_DIR;
		};
		434F460311FB2F6A00603A4D /* SpriteTest.app */ = {
			isa = PBXReferenceProxy;
			fileType = wrapper.application;
			path = SpriteTest.app;
			remoteRef = 434F460211FB2F6A00603A4D /* PBXContainerItemProxy */;
			sourceTree = BUILT_PRODUCTS_DIR;
		};
		434F460511FB2F6A00603A4D /* Texture2dTest.app */ = {
			isa = PBXReferenceProxy;
			fileType = wrapper.application;
			path = Texture2dTest.app;
			remoteRef = 434F460411FB2F6A00603A4D /* PBXContainerItemProxy */;
			sourceTree = BUILT_PRODUCTS_DIR;
		};
		434F460711FB2F6A00603A4D /* TileMapTest.app */ = {
			isa = PBXReferenceProxy;
			fileType = wrapper.application;
			path = TileMapTest.app;
			remoteRef = 434F460611FB2F6A00603A4D /* PBXContainerItemProxy */;
			sourceTree = BUILT_PRODUCTS_DIR;
		};
		434F460911FB2F6A00603A4D /* TouchesTest.app */ = {
			isa = PBXReferenceProxy;
			fileType = wrapper.application;
			path = TouchesTest.app;
			remoteRef = 434F460811FB2F6A00603A4D /* PBXContainerItemProxy */;
			sourceTree = BUILT_PRODUCTS_DIR;
		};
		434F460B11FB2F6A00603A4D /* TransitionsTest.app */ = {
			isa = PBXReferenceProxy;
			fileType = wrapper.application;
			path = TransitionsTest.app;
			remoteRef = 434F460A11FB2F6A00603A4D /* PBXContainerItemProxy */;
			sourceTree = BUILT_PRODUCTS_DIR;
		};
		434F460D11FB2F6A00603A4D /* HelloWorldSample.app */ = {
			isa = PBXReferenceProxy;
			fileType = wrapper.application;
			path = HelloWorldSample.app;
			remoteRef = 434F460C11FB2F6A00603A4D /* PBXContainerItemProxy */;
			sourceTree = BUILT_PRODUCTS_DIR;
		};
		434F460F11FB2F6A00603A4D /* HelloActionsSample.app */ = {
			isa = PBXReferenceProxy;
			fileType = wrapper.application;
			path = HelloActionsSample.app;
			remoteRef = 434F460E11FB2F6A00603A4D /* PBXContainerItemProxy */;
			sourceTree = BUILT_PRODUCTS_DIR;
		};
		434F461111FB2F6A00603A4D /* HelloEventsSample.app */ = {
			isa = PBXReferenceProxy;
			fileType = wrapper.application;
			path = HelloEventsSample.app;
			remoteRef = 434F461011FB2F6A00603A4D /* PBXContainerItemProxy */;
			sourceTree = BUILT_PRODUCTS_DIR;
		};
		434F461311FB2F6A00603A4D /* Bug350.app */ = {
			isa = PBXReferenceProxy;
			fileType = wrapper.application;
			path = Bug350.app;
			remoteRef = 434F461211FB2F6A00603A4D /* PBXContainerItemProxy */;
			sourceTree = BUILT_PRODUCTS_DIR;
		};
		434F461511FB2F6A00603A4D /* Bug422.app */ = {
			isa = PBXReferenceProxy;
			fileType = wrapper.application;
			path = Bug422.app;
			remoteRef = 434F461411FB2F6A00603A4D /* PBXContainerItemProxy */;
			sourceTree = BUILT_PRODUCTS_DIR;
		};
		434F461711FB2F6A00603A4D /* Bug886.app */ = {
			isa = PBXReferenceProxy;
			fileType = wrapper.application;
			path = Bug886.app;
			remoteRef = 434F461611FB2F6A00603A4D /* PBXContainerItemProxy */;
			sourceTree = BUILT_PRODUCTS_DIR;
		};
		434F461911FB2F6A00603A4D /* Bug899.app */ = {
			isa = PBXReferenceProxy;
			fileType = wrapper.application;
			path = Bug899.app;
			remoteRef = 434F461811FB2F6A00603A4D /* PBXContainerItemProxy */;
			sourceTree = BUILT_PRODUCTS_DIR;
		};
		434F461B11FB2F6A00603A4D /* Bug914.app */ = {
			isa = PBXReferenceProxy;
			fileType = wrapper.application;
			path = Bug914.app;
			remoteRef = 434F461A11FB2F6A00603A4D /* PBXContainerItemProxy */;
			sourceTree = BUILT_PRODUCTS_DIR;
		};
/* End PBXReferenceProxy section */

/* Begin PBXResourcesBuildPhase section */
		1D60588D0D05DD3D006BFB54 /* Resources */ = {
			isa = PBXResourcesBuildPhase;
			buildActionMask = 2147483647;
			files = (
				50F414F11069373D002A0D5E /* fps_images.png in Resources */,
				50F414F21069373D002A0D5E /* Icon.png in Resources */,
			);
			runOnlyForDeploymentPostprocessing = 0;
		};
/* End PBXResourcesBuildPhase section */

/* Begin PBXSourcesBuildPhase section */
		1D60588E0D05DD3D006BFB54 /* Sources */ = {
			isa = PBXSourcesBuildPhase;
			buildActionMask = 2147483647;
			files = (
				1D60589B0D05DD56006BFB54 /* main.m in Sources */,
				1F3B9A2D0EF2145700286867 /* shapesAppDelegate.m in Sources */,
				436B00F311FFB134007B2F00 /* GameController.mm in Sources */,
				433BD8211201C7090025525E /* NMPanelMenu.m in Sources */,
				433BD84A1201C73F0025525E /* NMPanelMenuItem.m in Sources */,
				43A94B471222B5990030A3BA /* HCUPPanelScene.m in Sources */,
				43A94B591222B83E0030A3BA /* CocosOverlayViewController.m in Sources */,
				43A94B5E1222B87D0030A3BA /* CocosOverlayScrollView.m in Sources */,
				43D170D4122345AA0081657D /* PreviewScrollContainerView.m in Sources */,
			);
			runOnlyForDeploymentPostprocessing = 0;
		};
/* End PBXSourcesBuildPhase section */

/* Begin PBXTargetDependency section */
		434F461E11FB2F9B00603A4D /* PBXTargetDependency */ = {
			isa = PBXTargetDependency;
			name = cocos2d;
			targetProxy = 434F461D11FB2F9B00603A4D /* PBXContainerItemProxy */;
		};
		434F462011FB2FA000603A4D /* PBXTargetDependency */ = {
			isa = PBXTargetDependency;
			name = CocosDenshion;
			targetProxy = 434F461F11FB2FA000603A4D /* PBXContainerItemProxy */;
		};
		434F462211FB2FA300603A4D /* PBXTargetDependency */ = {
			isa = PBXTargetDependency;
			name = FontLabel;
			targetProxy = 434F462111FB2FA300603A4D /* PBXContainerItemProxy */;
		};
		434F462411FB2FA700603A4D /* PBXTargetDependency */ = {
			isa = PBXTargetDependency;
			name = libpng;
			targetProxy = 434F462311FB2FA700603A4D /* PBXContainerItemProxy */;
		};
		434F462611FB2FAA00603A4D /* PBXTargetDependency */ = {
			isa = PBXTargetDependency;
			name = TouchJSON;
			targetProxy = 434F462511FB2FAA00603A4D /* PBXContainerItemProxy */;
		};
		434F462811FB2FAE00603A4D /* PBXTargetDependency */ = {
			isa = PBXTargetDependency;
			name = vorbis;
			targetProxy = 434F462711FB2FAE00603A4D /* PBXContainerItemProxy */;
		};
/* End PBXTargetDependency section */

/* Begin XCBuildConfiguration section */
		1D6058940D05DD3E006BFB54 /* Debug */ = {
			isa = XCBuildConfiguration;
			buildSettings = {
				ALWAYS_SEARCH_USER_PATHS = NO;
				CODE_SIGN_ENTITLEMENTS = "";
				COPY_PHASE_STRIP = NO;
				DEBUG_INFORMATION_FORMAT = "dwarf-with-dsym";
				GCC_DYNAMIC_NO_PIC = NO;
				GCC_ENABLE_FIX_AND_CONTINUE = NO;
				GCC_OPTIMIZATION_LEVEL = 0;
				GCC_PRECOMPILE_PREFIX_HEADER = YES;
				GCC_PREFIX_HEADER = shapes_Prefix.pch;
				GCC_TREAT_WARNINGS_AS_ERRORS = NO;
				INFOPLIST_FILE = Resources/Info.plist;
				"New Setting" = "";
				ONLY_ACTIVE_ARCH = YES;
				OTHER_LDFLAGS = (
					"-all_load",
					"-ObjC",
				);
				PREBINDING = NO;
				PRODUCT_NAME = PanelsExample;
				USER_HEADER_SEARCH_PATHS = "$(COCOS2D_SRC)/**";
				WARNING_CFLAGS = "-Wall";
			};
			name = Debug;
		};
		1D6058950D05DD3E006BFB54 /* Release */ = {
			isa = XCBuildConfiguration;
			buildSettings = {
				ALWAYS_SEARCH_USER_PATHS = NO;
				CODE_SIGN_ENTITLEMENTS = "";
				COPY_PHASE_STRIP = YES;
				DEBUG_INFORMATION_FORMAT = "dwarf-with-dsym";
				GCC_ENABLE_FIX_AND_CONTINUE = NO;
				GCC_PRECOMPILE_PREFIX_HEADER = YES;
				GCC_PREFIX_HEADER = shapes_Prefix.pch;
				GCC_TREAT_WARNINGS_AS_ERRORS = NO;
				INFOPLIST_FILE = Resources/Info.plist;
				ONLY_ACTIVE_ARCH = NO;
				OTHER_LDFLAGS = (
					"-all_load",
					"-ObjC",
				);
				PREBINDING = NO;
				PRODUCT_NAME = PanelsExample;
				USER_HEADER_SEARCH_PATHS = "$(COCOS2D_SRC)/**";
				WARNING_CFLAGS = "-Wall";
			};
			name = Release;
		};
		C01FCF4F08A954540054247B /* Debug */ = {
			isa = XCBuildConfiguration;
			buildSettings = {
				ALWAYS_SEARCH_USER_PATHS = NO;
				ARCHS = "$(ARCHS_STANDARD_32_BIT)";
				"CODE_SIGN_IDENTITY[sdk=iphoneos*]" = "iPhone Developer: Nathan Murray (GN3TCEDNP3)";
				GCC_C_LANGUAGE_STANDARD = c99;
				GCC_PREPROCESSOR_DEFINITIONS = (
					DEBUG,
					"COCOS2D_DEBUG=1",
					"CD_DEBUG=1",
				);
				"GCC_THUMB_SUPPORT[arch=armv6]" = NO;
				"GCC_THUMB_SUPPORT[arch=armv7]" = YES;
				GCC_WARN_ABOUT_RETURN_TYPE = YES;
				GCC_WARN_UNUSED_VARIABLE = YES;
				GENERATE_PROFILING_CODE = NO;
				IPHONEOS_DEPLOYMENT_TARGET = 3.0;
				ONLY_ACTIVE_ARCH = YES;
				PREBINDING = NO;
				PRODUCT_DISPLAY_NAME = "Panels Example";
				PRODUCT_NAME = PanelsExample;
				SDKROOT = iphonesimulator4.0;
			};
			name = Debug;
		};
		C01FCF5008A954540054247B /* Release */ = {
			isa = XCBuildConfiguration;
			buildSettings = {
				ALWAYS_SEARCH_USER_PATHS = NO;
				ARCHS = "$(ARCHS_STANDARD_32_BIT)";
				"CODE_SIGN_IDENTITY[sdk=iphoneos*]" = "iPhone Distribution: Nathan Murray";
				GCC_C_LANGUAGE_STANDARD = c99;
				"GCC_THUMB_SUPPORT[arch=armv6]" = NO;
				"GCC_THUMB_SUPPORT[arch=armv7]" = YES;
				GCC_UNROLL_LOOPS = YES;
				GCC_WARN_ABOUT_RETURN_TYPE = YES;
				GCC_WARN_UNUSED_VARIABLE = YES;
				IPHONEOS_DEPLOYMENT_TARGET = 3.0;
				PREBINDING = NO;
				PRODUCT_DISPLAY_NAME = "Panels Example";
				PRODUCT_NAME = PanelsExample;
				"PROVISIONING_PROFILE[sdk=iphoneos*]" = "900B900D-7DCE-4A81-ABB9-70869F87CB96";
				SDKROOT = iphoneos3.2;
			};
			name = Release;
		};
/* End XCBuildConfiguration section */

/* Begin XCConfigurationList section */
		1D6058960D05DD3E006BFB54 /* Build configuration list for PBXNativeTarget "PanelsExample" */ = {
			isa = XCConfigurationList;
			buildConfigurations = (
				1D6058940D05DD3E006BFB54 /* Debug */,
				1D6058950D05DD3E006BFB54 /* Release */,
			);
			defaultConfigurationIsVisible = 0;
			defaultConfigurationName = Release;
		};
		C01FCF4E08A954540054247B /* Build configuration list for PBXProject "shapes-panels" */ = {
			isa = XCConfigurationList;
			buildConfigurations = (
				C01FCF4F08A954540054247B /* Debug */,
				C01FCF5008A954540054247B /* Release */,
			);
			defaultConfigurationIsVisible = 0;
			defaultConfigurationName = Release;
		};
/* End XCConfigurationList section */
	};
	rootObject = 29B97313FDCFA39411CA2CEA /* Project object */;
}
